
Microsoft Visual Studio Solution File, Format Version 12.00
# Visual Studio Version 17
VisualStudioVersion = 17.2.32516.85
MinimumVisualStudioVersion = 10.0.40219.1
Project("{9A19103F-16F7-4668-BE54-9A1E7A4F7556}") = "1672.RichestCustomerWealth", "1672.RichestCustomerWealth\1672.RichestCustomerWealth.csproj", "{CC2BF9A0-FD45-4D55-8ECF-89FEAA502DCC}"
EndProject
Project("{9A19103F-16F7-4668-BE54-9A1E7A4F7556}") = "1342.NumberOfStepsToReduceANumberToZero", "1342.NumberOfStepsToReduceANumberToZero\1342.NumberOfStepsToReduceANumberToZero.csproj", "{A4E4C498-7F71-44C9-8181-6470F3CEC184}"
EndProject
Project("{9A19103F-16F7-4668-BE54-9A1E7A4F7556}") = "1337.TheKWeakestRowsInAMatrix", "1337.TheKWeakestRowsInAMatrix\1337.TheKWeakestRowsInAMatrix.csproj", "{2DC8F4CC-26A9-402C-B19D-7AE065E1DE8C}"
EndProject
Project("{9A19103F-16F7-4668-BE54-9A1E7A4F7556}") = "876.MiddleOfTheLinkedList", "876.MiddleOfTheLinkedList\876.MiddleOfTheLinkedList.csproj", "{2870F524-9AE6-41C3-A854-C3BAF2F08FC2}"
EndProject
Project("{9A19103F-16F7-4668-BE54-9A1E7A4F7556}") = "412.FizzBuzz", "412.FizzBuzz\412.FizzBuzz.csproj", "{5812C3E7-AB51-4DBF-93F9-16EB3951A430}"
EndProject
Project("{9A19103F-16F7-4668-BE54-9A1E7A4F7556}") = "383.RansomNote", "383.RansomNote\383.RansomNote.csproj", "{109619EC-8250-4C90-8F48-69CBB83CB0F0}"
EndProject
Project("{FAE04EC0-301F-11D3-BF4B-00C04F79EFBC}") = "234.PalindromeLinkedList", "234.PalindromeLinkedList\234.PalindromeLinkedList.csproj", "{43BB3FA2-2607-44AF-BB8F-C59DCF79B2EA}"
EndProject
Project("{FAE04EC0-301F-11D3-BF4B-00C04F79EFBC}") = "13.RomanToInteger", "13.RomanToInteger\13.RomanToInteger.csproj", "{11D841FE-6EA3-4B60-AC8E-344C50E6FD59}"
EndProject
Global
	GlobalSection(SolutionConfigurationPlatforms) = preSolution
		Debug|Any CPU = Debug|Any CPU
		Release|Any CPU = Release|Any CPU
	EndGlobalSection
	GlobalSection(ProjectConfigurationPlatforms) = postSolution
		{CC2BF9A0-FD45-4D55-8ECF-89FEAA502DCC}.Debug|Any CPU.ActiveCfg = Debug|Any CPU
		{CC2BF9A0-FD45-4D55-8ECF-89FEAA502DCC}.Debug|Any CPU.Build.0 = Debug|Any CPU
		{CC2BF9A0-FD45-4D55-8ECF-89FEAA502DCC}.Release|Any CPU.ActiveCfg = Release|Any CPU
		{CC2BF9A0-FD45-4D55-8ECF-89FEAA502DCC}.Release|Any CPU.Build.0 = Release|Any CPU
		{A4E4C498-7F71-44C9-8181-6470F3CEC184}.Debug|Any CPU.ActiveCfg = Debug|Any CPU
		{A4E4C498-7F71-44C9-8181-6470F3CEC184}.Debug|Any CPU.Build.0 = Debug|Any CPU
		{A4E4C498-7F71-44C9-8181-6470F3CEC184}.Release|Any CPU.ActiveCfg = Release|Any CPU
		{A4E4C498-7F71-44C9-8181-6470F3CEC184}.Release|Any CPU.Build.0 = Release|Any CPU
		{2DC8F4CC-26A9-402C-B19D-7AE065E1DE8C}.Debug|Any CPU.ActiveCfg = Debug|Any CPU
		{2DC8F4CC-26A9-402C-B19D-7AE065E1DE8C}.Debug|Any CPU.Build.0 = Debug|Any CPU
		{2DC8F4CC-26A9-402C-B19D-7AE065E1DE8C}.Release|Any CPU.ActiveCfg = Release|Any CPU
		{2DC8F4CC-26A9-402C-B19D-7AE065E1DE8C}.Release|Any CPU.Build.0 = Release|Any CPU
		{2870F524-9AE6-41C3-A854-C3BAF2F08FC2}.Debug|Any CPU.ActiveCfg = Debug|Any CPU
		{2870F524-9AE6-41C3-A854-C3BAF2F08FC2}.Debug|Any CPU.Build.0 = Debug|Any CPU
		{2870F524-9AE6-41C3-A854-C3BAF2F08FC2}.Release|Any CPU.ActiveCfg = Release|Any CPU
		{2870F524-9AE6-41C3-A854-C3BAF2F08FC2}.Release|Any CPU.Build.0 = Release|Any CPU
		{5812C3E7-AB51-4DBF-93F9-16EB3951A430}.Debug|Any CPU.ActiveCfg = Debug|Any CPU
		{5812C3E7-AB51-4DBF-93F9-16EB3951A430}.Debug|Any CPU.Build.0 = Debug|Any CPU
		{5812C3E7-AB51-4DBF-93F9-16EB3951A430}.Release|Any CPU.ActiveCfg = Release|Any CPU
		{5812C3E7-AB51-4DBF-93F9-16EB3951A430}.Release|Any CPU.Build.0 = Release|Any CPU
		{109619EC-8250-4C90-8F48-69CBB83CB0F0}.Debug|Any CPU.ActiveCfg = Debug|Any CPU
		{109619EC-8250-4C90-8F48-69CBB83CB0F0}.Debug|Any CPU.Build.0 = Debug|Any CPU
		{109619EC-8250-4C90-8F48-69CBB83CB0F0}.Release|Any CPU.ActiveCfg = Release|Any CPU
		{109619EC-8250-4C90-8F48-69CBB83CB0F0}.Release|Any CPU.Build.0 = Release|Any CPU
		{43BB3FA2-2607-44AF-BB8F-C59DCF79B2EA}.Debug|Any CPU.ActiveCfg = Debug|Any CPU
		{43BB3FA2-2607-44AF-BB8F-C59DCF79B2EA}.Debug|Any CPU.Build.0 = Debug|Any CPU
		{43BB3FA2-2607-44AF-BB8F-C59DCF79B2EA}.Release|Any CPU.ActiveCfg = Release|Any CPU
		{43BB3FA2-2607-44AF-BB8F-C59DCF79B2EA}.Release|Any CPU.Build.0 = Release|Any CPU
		{11D841FE-6EA3-4B60-AC8E-344C50E6FD59}.Debug|Any CPU.ActiveCfg = Debug|Any CPU
		{11D841FE-6EA3-4B60-AC8E-344C50E6FD59}.Debug|Any CPU.Build.0 = Debug|Any CPU
		{11D841FE-6EA3-4B60-AC8E-344C50E6FD59}.Release|Any CPU.ActiveCfg = Release|Any CPU
		{11D841FE-6EA3-4B60-AC8E-344C50E6FD59}.Release|Any CPU.Build.0 = Release|Any CPU
	EndGlobalSection
	GlobalSection(SolutionProperties) = preSolution
		HideSolutionNode = FALSE
	EndGlobalSection
	GlobalSection(ExtensibilityGlobals) = postSolution
		SolutionGuid = {13DDF71E-93FE-4938-8540-F558B3B073FB}
	EndGlobalSection
EndGlobal
