
Microsoft Visual Studio Solution File, Format Version 12.00
# Visual Studio Version 17
VisualStudioVersion = 17.2.32516.85
MinimumVisualStudioVersion = 10.0.40219.1
Project("{9A19103F-16F7-4668-BE54-9A1E7A4F7556}") = "1672.RichestCustomerWealth", "1672.RichestCustomerWealth\1672.RichestCustomerWealth.csproj", "{CC2BF9A0-FD45-4D55-8ECF-89FEAA502DCC}"
EndProject
Project("{9A19103F-16F7-4668-BE54-9A1E7A4F7556}") = "1342.NumberOfStepsToReduceANumberToZero", "1342.NumberOfStepsToReduceANumberToZero\1342.NumberOfStepsToReduceANumberToZero.csproj", "{A4E4C498-7F71-44C9-8181-6470F3CEC184}"
EndProject
Project("{9A19103F-16F7-4668-BE54-9A1E7A4F7556}") = "1337.TheKWeakestRowsInAMatrix", "1337.TheKWeakestRowsInAMatrix\1337.TheKWeakestRowsInAMatrix.csproj", "{2DC8F4CC-26A9-402C-B19D-7AE065E1DE8C}"
EndProject
Project("{9A19103F-16F7-4668-BE54-9A1E7A4F7556}") = "876.MiddleOfTheLinkedList", "876.MiddleOfTheLinkedList\876.MiddleOfTheLinkedList.csproj", "{2870F524-9AE6-41C3-A854-C3BAF2F08FC2}"
EndProject
Project("{9A19103F-16F7-4668-BE54-9A1E7A4F7556}") = "412.FizzBuzz", "412.FizzBuzz\412.FizzBuzz.csproj", "{5812C3E7-AB51-4DBF-93F9-16EB3951A430}"
EndProject
Project("{9A19103F-16F7-4668-BE54-9A1E7A4F7556}") = "383.RansomNote", "383.RansomNote\383.RansomNote.csproj", "{109619EC-8250-4C90-8F48-69CBB83CB0F0}"
EndProject
Project("{9A19103F-16F7-4668-BE54-9A1E7A4F7556}") = "234.PalindromeLinkedList", "234.PalindromeLinkedList\234.PalindromeLinkedList.csproj", "{43BB3FA2-2607-44AF-BB8F-C59DCF79B2EA}"
EndProject
Project("{9A19103F-16F7-4668-BE54-9A1E7A4F7556}") = "13.RomanToInteger", "13.RomanToInteger\13.RomanToInteger.csproj", "{11D841FE-6EA3-4B60-AC8E-344C50E6FD59}"
EndProject
Project("{9A19103F-16F7-4668-BE54-9A1E7A4F7556}") = "1.TwoSum", "1.TwoSum\1.TwoSum.csproj", "{45FE6B53-240E-4C0A-8859-D885D47B0E10}"
EndProject
Project("{9A19103F-16F7-4668-BE54-9A1E7A4F7556}") = "217.ContainsDuplicate", "217.ContainsDuplicate\217.ContainsDuplicate.csproj", "{61345CB9-0323-4B5B-84DF-B491B3936575}"
EndProject
Project("{9A19103F-16F7-4668-BE54-9A1E7A4F7556}") = "242.ValidAnagram", "242.ValidAnagram\242.ValidAnagram.csproj", "{5C16A74D-3462-49FF-8D2D-1CCF91CE964B}"
EndProject
Project("{9A19103F-16F7-4668-BE54-9A1E7A4F7556}") = "49.GroupAnagrams", "49.GroupAnagrams\49.GroupAnagrams.csproj", "{0786F098-4819-4AF3-A9C2-051C5056189E}"
EndProject
Project("{9A19103F-16F7-4668-BE54-9A1E7A4F7556}") = "347.TopKFrequentElements", "347.TopKFrequentElements\347.TopKFrequentElements.csproj", "{7063A59D-655F-4E21-9064-8F1210E3B69C}"
EndProject
Project("{9A19103F-16F7-4668-BE54-9A1E7A4F7556}") = "238.ProductOfArrayExceptSelf", "238.ProductOfArrayExceptSelf\238.ProductOfArrayExceptSelf.csproj", "{6527F53B-AD48-46CE-8CA6-9B515AD29E61}"
EndProject
Project("{2150E333-8FDC-42A3-9474-1A3956D46DE8}") = "ArraysAndHashing", "ArraysAndHashing", "{B2F06A5F-D01F-4897-BB53-5FE4B64F2B74}"
EndProject
Project("{2150E333-8FDC-42A3-9474-1A3956D46DE8}") = "Etc", "Etc", "{6B05040E-2423-48A0-B168-726BCF1A2C5A}"
EndProject
Project("{2150E333-8FDC-42A3-9474-1A3956D46DE8}") = "TwoPointers", "TwoPointers", "{07BC003E-3813-4FA8-95DA-169ACBE34F41}"
EndProject
Project("{2150E333-8FDC-42A3-9474-1A3956D46DE8}") = "SlidingWindow", "SlidingWindow", "{675FC393-FDD2-4EAD-9F70-3D45649FD562}"
EndProject
Project("{2150E333-8FDC-42A3-9474-1A3956D46DE8}") = "Stack", "Stack", "{73DEED20-5941-4344-96FE-3CFABC9BAC7F}"
EndProject
Project("{2150E333-8FDC-42A3-9474-1A3956D46DE8}") = "BinarySearch", "BinarySearch", "{10A5677A-258D-43FD-A7B2-CA8467ABB5C2}"
EndProject
Project("{2150E333-8FDC-42A3-9474-1A3956D46DE8}") = "LinkedList", "LinkedList", "{180982ED-271D-4645-ADBA-3F85A429EDC0}"
EndProject
Project("{2150E333-8FDC-42A3-9474-1A3956D46DE8}") = "Trees", "Trees", "{DC2ACF51-B020-4A71-A665-F809E422CB74}"
EndProject
Project("{2150E333-8FDC-42A3-9474-1A3956D46DE8}") = "Tries", "Tries", "{14275996-16CE-4195-901D-701DFFAFB681}"
EndProject
Project("{2150E333-8FDC-42A3-9474-1A3956D46DE8}") = "HeadAndPriorityQueue", "HeadAndPriorityQueue", "{0ED99640-59A2-4F78-90A9-46CD17649A91}"
EndProject
Project("{2150E333-8FDC-42A3-9474-1A3956D46DE8}") = "BackTracking", "BackTracking", "{A9E16DBC-D644-4E4A-8443-21F9125CFA3C}"
EndProject
Project("{2150E333-8FDC-42A3-9474-1A3956D46DE8}") = "Graphs", "Graphs", "{E2DC4CF7-72F5-478F-B923-AAB37C5BED1D}"
EndProject
Project("{2150E333-8FDC-42A3-9474-1A3956D46DE8}") = "AdvancedGraphs", "AdvancedGraphs", "{042A0F74-E057-46EB-8F65-340298D0CC46}"
EndProject
Project("{2150E333-8FDC-42A3-9474-1A3956D46DE8}") = "1DDynamicProgramming", "1DDynamicProgramming", "{8BBA932F-9B43-46FF-802F-94D16AA691D9}"
EndProject
Project("{2150E333-8FDC-42A3-9474-1A3956D46DE8}") = "2DDynamicProgramming", "2DDynamicProgramming", "{F92B0E1C-99FE-4B27-BB7E-9E50A73C341A}"
EndProject
Project("{2150E333-8FDC-42A3-9474-1A3956D46DE8}") = "Greedy", "Greedy", "{88DBE4B0-36AF-4406-900A-EF618FBF41EC}"
EndProject
Project("{2150E333-8FDC-42A3-9474-1A3956D46DE8}") = "Intervals", "Intervals", "{460B9F51-2CBD-43E4-A963-24F8DD71CADB}"
EndProject
Project("{2150E333-8FDC-42A3-9474-1A3956D46DE8}") = "MathAndGeometry", "MathAndGeometry", "{F91F2C47-59CA-4262-ABF2-966D59BE93AE}"
EndProject
Project("{2150E333-8FDC-42A3-9474-1A3956D46DE8}") = "BitManipulation", "BitManipulation", "{01C53DD0-CC5F-4985-8817-151554D1224F}"
EndProject
Project("{FAE04EC0-301F-11D3-BF4B-00C04F79EFBC}") = "36.ValidSudoku", "36.ValidSudoku\36.ValidSudoku.csproj", "{DA880E8C-EC44-4BE9-8444-668C31C05BFA}"
EndProject
Project("{FAE04EC0-301F-11D3-BF4B-00C04F79EFBC}") = "128.LongestConsecutiveSequence", "128.LongestConsecutiveSequence\128.LongestConsecutiveSequence.csproj", "{17BB1595-1D89-4E64-ABCC-453039D8B08A}"
EndProject
Project("{FAE04EC0-301F-11D3-BF4B-00C04F79EFBC}") = "125.ValidPalindrome", "125.ValidPalindrome\125.ValidPalindrome.csproj", "{EDB94865-6747-4DAE-8327-C00F89A70FBF}"
EndProject
Global
	GlobalSection(SolutionConfigurationPlatforms) = preSolution
		Debug|Any CPU = Debug|Any CPU
		Release|Any CPU = Release|Any CPU
	EndGlobalSection
	GlobalSection(ProjectConfigurationPlatforms) = postSolution
		{CC2BF9A0-FD45-4D55-8ECF-89FEAA502DCC}.Debug|Any CPU.ActiveCfg = Debug|Any CPU
		{CC2BF9A0-FD45-4D55-8ECF-89FEAA502DCC}.Debug|Any CPU.Build.0 = Debug|Any CPU
		{CC2BF9A0-FD45-4D55-8ECF-89FEAA502DCC}.Release|Any CPU.ActiveCfg = Release|Any CPU
		{CC2BF9A0-FD45-4D55-8ECF-89FEAA502DCC}.Release|Any CPU.Build.0 = Release|Any CPU
		{A4E4C498-7F71-44C9-8181-6470F3CEC184}.Debug|Any CPU.ActiveCfg = Debug|Any CPU
		{A4E4C498-7F71-44C9-8181-6470F3CEC184}.Debug|Any CPU.Build.0 = Debug|Any CPU
		{A4E4C498-7F71-44C9-8181-6470F3CEC184}.Release|Any CPU.ActiveCfg = Release|Any CPU
		{A4E4C498-7F71-44C9-8181-6470F3CEC184}.Release|Any CPU.Build.0 = Release|Any CPU
		{2DC8F4CC-26A9-402C-B19D-7AE065E1DE8C}.Debug|Any CPU.ActiveCfg = Debug|Any CPU
		{2DC8F4CC-26A9-402C-B19D-7AE065E1DE8C}.Debug|Any CPU.Build.0 = Debug|Any CPU
		{2DC8F4CC-26A9-402C-B19D-7AE065E1DE8C}.Release|Any CPU.ActiveCfg = Release|Any CPU
		{2DC8F4CC-26A9-402C-B19D-7AE065E1DE8C}.Release|Any CPU.Build.0 = Release|Any CPU
		{2870F524-9AE6-41C3-A854-C3BAF2F08FC2}.Debug|Any CPU.ActiveCfg = Debug|Any CPU
		{2870F524-9AE6-41C3-A854-C3BAF2F08FC2}.Debug|Any CPU.Build.0 = Debug|Any CPU
		{2870F524-9AE6-41C3-A854-C3BAF2F08FC2}.Release|Any CPU.ActiveCfg = Release|Any CPU
		{2870F524-9AE6-41C3-A854-C3BAF2F08FC2}.Release|Any CPU.Build.0 = Release|Any CPU
		{5812C3E7-AB51-4DBF-93F9-16EB3951A430}.Debug|Any CPU.ActiveCfg = Debug|Any CPU
		{5812C3E7-AB51-4DBF-93F9-16EB3951A430}.Debug|Any CPU.Build.0 = Debug|Any CPU
		{5812C3E7-AB51-4DBF-93F9-16EB3951A430}.Release|Any CPU.ActiveCfg = Release|Any CPU
		{5812C3E7-AB51-4DBF-93F9-16EB3951A430}.Release|Any CPU.Build.0 = Release|Any CPU
		{109619EC-8250-4C90-8F48-69CBB83CB0F0}.Debug|Any CPU.ActiveCfg = Debug|Any CPU
		{109619EC-8250-4C90-8F48-69CBB83CB0F0}.Debug|Any CPU.Build.0 = Debug|Any CPU
		{109619EC-8250-4C90-8F48-69CBB83CB0F0}.Release|Any CPU.ActiveCfg = Release|Any CPU
		{109619EC-8250-4C90-8F48-69CBB83CB0F0}.Release|Any CPU.Build.0 = Release|Any CPU
		{43BB3FA2-2607-44AF-BB8F-C59DCF79B2EA}.Debug|Any CPU.ActiveCfg = Debug|Any CPU
		{43BB3FA2-2607-44AF-BB8F-C59DCF79B2EA}.Debug|Any CPU.Build.0 = Debug|Any CPU
		{43BB3FA2-2607-44AF-BB8F-C59DCF79B2EA}.Release|Any CPU.ActiveCfg = Release|Any CPU
		{43BB3FA2-2607-44AF-BB8F-C59DCF79B2EA}.Release|Any CPU.Build.0 = Release|Any CPU
		{11D841FE-6EA3-4B60-AC8E-344C50E6FD59}.Debug|Any CPU.ActiveCfg = Debug|Any CPU
		{11D841FE-6EA3-4B60-AC8E-344C50E6FD59}.Debug|Any CPU.Build.0 = Debug|Any CPU
		{11D841FE-6EA3-4B60-AC8E-344C50E6FD59}.Release|Any CPU.ActiveCfg = Release|Any CPU
		{11D841FE-6EA3-4B60-AC8E-344C50E6FD59}.Release|Any CPU.Build.0 = Release|Any CPU
		{45FE6B53-240E-4C0A-8859-D885D47B0E10}.Debug|Any CPU.ActiveCfg = Debug|Any CPU
		{45FE6B53-240E-4C0A-8859-D885D47B0E10}.Debug|Any CPU.Build.0 = Debug|Any CPU
		{45FE6B53-240E-4C0A-8859-D885D47B0E10}.Release|Any CPU.ActiveCfg = Release|Any CPU
		{45FE6B53-240E-4C0A-8859-D885D47B0E10}.Release|Any CPU.Build.0 = Release|Any CPU
		{61345CB9-0323-4B5B-84DF-B491B3936575}.Debug|Any CPU.ActiveCfg = Debug|Any CPU
		{61345CB9-0323-4B5B-84DF-B491B3936575}.Debug|Any CPU.Build.0 = Debug|Any CPU
		{61345CB9-0323-4B5B-84DF-B491B3936575}.Release|Any CPU.ActiveCfg = Release|Any CPU
		{61345CB9-0323-4B5B-84DF-B491B3936575}.Release|Any CPU.Build.0 = Release|Any CPU
		{5C16A74D-3462-49FF-8D2D-1CCF91CE964B}.Debug|Any CPU.ActiveCfg = Debug|Any CPU
		{5C16A74D-3462-49FF-8D2D-1CCF91CE964B}.Debug|Any CPU.Build.0 = Debug|Any CPU
		{5C16A74D-3462-49FF-8D2D-1CCF91CE964B}.Release|Any CPU.ActiveCfg = Release|Any CPU
		{5C16A74D-3462-49FF-8D2D-1CCF91CE964B}.Release|Any CPU.Build.0 = Release|Any CPU
		{0786F098-4819-4AF3-A9C2-051C5056189E}.Debug|Any CPU.ActiveCfg = Debug|Any CPU
		{0786F098-4819-4AF3-A9C2-051C5056189E}.Debug|Any CPU.Build.0 = Debug|Any CPU
		{0786F098-4819-4AF3-A9C2-051C5056189E}.Release|Any CPU.ActiveCfg = Release|Any CPU
		{0786F098-4819-4AF3-A9C2-051C5056189E}.Release|Any CPU.Build.0 = Release|Any CPU
		{7063A59D-655F-4E21-9064-8F1210E3B69C}.Debug|Any CPU.ActiveCfg = Debug|Any CPU
		{7063A59D-655F-4E21-9064-8F1210E3B69C}.Debug|Any CPU.Build.0 = Debug|Any CPU
		{7063A59D-655F-4E21-9064-8F1210E3B69C}.Release|Any CPU.ActiveCfg = Release|Any CPU
		{7063A59D-655F-4E21-9064-8F1210E3B69C}.Release|Any CPU.Build.0 = Release|Any CPU
		{6527F53B-AD48-46CE-8CA6-9B515AD29E61}.Debug|Any CPU.ActiveCfg = Debug|Any CPU
		{6527F53B-AD48-46CE-8CA6-9B515AD29E61}.Debug|Any CPU.Build.0 = Debug|Any CPU
		{6527F53B-AD48-46CE-8CA6-9B515AD29E61}.Release|Any CPU.ActiveCfg = Release|Any CPU
		{6527F53B-AD48-46CE-8CA6-9B515AD29E61}.Release|Any CPU.Build.0 = Release|Any CPU
		{DA880E8C-EC44-4BE9-8444-668C31C05BFA}.Debug|Any CPU.ActiveCfg = Debug|Any CPU
		{DA880E8C-EC44-4BE9-8444-668C31C05BFA}.Debug|Any CPU.Build.0 = Debug|Any CPU
		{DA880E8C-EC44-4BE9-8444-668C31C05BFA}.Release|Any CPU.ActiveCfg = Release|Any CPU
		{DA880E8C-EC44-4BE9-8444-668C31C05BFA}.Release|Any CPU.Build.0 = Release|Any CPU
		{17BB1595-1D89-4E64-ABCC-453039D8B08A}.Debug|Any CPU.ActiveCfg = Debug|Any CPU
		{17BB1595-1D89-4E64-ABCC-453039D8B08A}.Debug|Any CPU.Build.0 = Debug|Any CPU
		{17BB1595-1D89-4E64-ABCC-453039D8B08A}.Release|Any CPU.ActiveCfg = Release|Any CPU
		{17BB1595-1D89-4E64-ABCC-453039D8B08A}.Release|Any CPU.Build.0 = Release|Any CPU
		{EDB94865-6747-4DAE-8327-C00F89A70FBF}.Debug|Any CPU.ActiveCfg = Debug|Any CPU
		{EDB94865-6747-4DAE-8327-C00F89A70FBF}.Debug|Any CPU.Build.0 = Debug|Any CPU
		{EDB94865-6747-4DAE-8327-C00F89A70FBF}.Release|Any CPU.ActiveCfg = Release|Any CPU
		{EDB94865-6747-4DAE-8327-C00F89A70FBF}.Release|Any CPU.Build.0 = Release|Any CPU
	EndGlobalSection
	GlobalSection(SolutionProperties) = preSolution
		HideSolutionNode = FALSE
	EndGlobalSection
	GlobalSection(NestedProjects) = preSolution
		{CC2BF9A0-FD45-4D55-8ECF-89FEAA502DCC} = {6B05040E-2423-48A0-B168-726BCF1A2C5A}
		{A4E4C498-7F71-44C9-8181-6470F3CEC184} = {6B05040E-2423-48A0-B168-726BCF1A2C5A}
		{2DC8F4CC-26A9-402C-B19D-7AE065E1DE8C} = {6B05040E-2423-48A0-B168-726BCF1A2C5A}
		{2870F524-9AE6-41C3-A854-C3BAF2F08FC2} = {6B05040E-2423-48A0-B168-726BCF1A2C5A}
		{5812C3E7-AB51-4DBF-93F9-16EB3951A430} = {6B05040E-2423-48A0-B168-726BCF1A2C5A}
		{109619EC-8250-4C90-8F48-69CBB83CB0F0} = {6B05040E-2423-48A0-B168-726BCF1A2C5A}
		{43BB3FA2-2607-44AF-BB8F-C59DCF79B2EA} = {6B05040E-2423-48A0-B168-726BCF1A2C5A}
		{11D841FE-6EA3-4B60-AC8E-344C50E6FD59} = {6B05040E-2423-48A0-B168-726BCF1A2C5A}
		{45FE6B53-240E-4C0A-8859-D885D47B0E10} = {B2F06A5F-D01F-4897-BB53-5FE4B64F2B74}
		{61345CB9-0323-4B5B-84DF-B491B3936575} = {B2F06A5F-D01F-4897-BB53-5FE4B64F2B74}
		{5C16A74D-3462-49FF-8D2D-1CCF91CE964B} = {B2F06A5F-D01F-4897-BB53-5FE4B64F2B74}
		{0786F098-4819-4AF3-A9C2-051C5056189E} = {B2F06A5F-D01F-4897-BB53-5FE4B64F2B74}
		{7063A59D-655F-4E21-9064-8F1210E3B69C} = {B2F06A5F-D01F-4897-BB53-5FE4B64F2B74}
		{6527F53B-AD48-46CE-8CA6-9B515AD29E61} = {B2F06A5F-D01F-4897-BB53-5FE4B64F2B74}
		{DA880E8C-EC44-4BE9-8444-668C31C05BFA} = {B2F06A5F-D01F-4897-BB53-5FE4B64F2B74}
		{17BB1595-1D89-4E64-ABCC-453039D8B08A} = {B2F06A5F-D01F-4897-BB53-5FE4B64F2B74}
		{EDB94865-6747-4DAE-8327-C00F89A70FBF} = {07BC003E-3813-4FA8-95DA-169ACBE34F41}
	EndGlobalSection
	GlobalSection(ExtensibilityGlobals) = postSolution
		SolutionGuid = {13DDF71E-93FE-4938-8540-F558B3B073FB}
	EndGlobalSection
EndGlobal
